{
  "name": "register",
  "version": "1.0.0",
  "lockfileVersion": 2,
  "requires": true,
  "packages": {
    "": {
      "name": "register",
      "version": "1.0.0",
      "license": "ISC",
      "dependencies": {
        "millie": "^1.2.1"
      }
    },
    "node_modules/millie": {
      "version": "1.2.1",
      "resolved": "https://registry.npmjs.org/millie/-/millie-1.2.1.tgz",
      "integrity": "sha512-CfCIupN1Bgfl+ks45NcXdyGFGqfSEaoSWGE4zFxES+6ZLyD5eA0OWUGOgAx/s6wTZeQIYpEDYQloNHOgPzy0GQ=="
    }
  },
  "dependencies": {
    "millie": {
      "version": "1.2.1",
      "resolved": "https://registry.npmjs.org/millie/-/millie-1.2.1.tgz",
      "integrity": "sha512-CfCIupN1Bgfl+ks45NcXdyGFGqfSEaoSWGE4zFxES+6ZLyD5eA0OWUGOgAx/s6wTZeQIYpEDYQloNHOgPzy0GQ=="
    }
  }
}
